
Microsoft Visual Studio Solution File, Format Version 12.00
# Visual Studio Version 17
VisualStudioVersion = 17.0.32112.339
MinimumVisualStudioVersion = 10.0.40219.1
Project("{FAE04EC0-301F-11D3-BF4B-00C04F79EFBC}") = "01. Integer Operations", "01. Integer Operations\01. Integer Operations.csproj", "{C3FE0551-5A02-4E1D-B3A1-9D34BD85EA48}"
EndProject
Project("{FAE04EC0-301F-11D3-BF4B-00C04F79EFBC}") = "02. Sum Digits", "02. Sum Digits\02. Sum Digits.csproj", "{69D1A12D-9302-461E-8222-FB4D2BDD42F6}"
EndProject
Project("{FAE04EC0-301F-11D3-BF4B-00C04F79EFBC}") = "03. Elevator", "03. Elevator\03. Elevator.csproj", "{97774848-8CE2-4BBE-8AD4-0C71888583B6}"
EndProject
Project("{FAE04EC0-301F-11D3-BF4B-00C04F79EFBC}") = "04. Sum of Chars", "04. Sum of Chars\04. Sum of Chars.csproj", "{59A68FC6-ECFE-41D9-AA61-7443046B6CC6}"
EndProject
Project("{FAE04EC0-301F-11D3-BF4B-00C04F79EFBC}") = "05. Print Part Of ASCII Table", "05. Print Part Of ASCII Table\05. Print Part Of ASCII Table.csproj", "{F6A0BE20-B8E5-4174-A2C1-CC5D37649EF0}"
EndProject
Project("{FAE04EC0-301F-11D3-BF4B-00C04F79EFBC}") = "06. Triples of Latin Letters", "06. Triples of Latin Letters\06. Triples of Latin Letters.csproj", "{E8C6EF8B-AEBD-4183-B53B-2DE6393A45B1}"
EndProject
Project("{FAE04EC0-301F-11D3-BF4B-00C04F79EFBC}") = "07. Water Overflow", "07. Water Overflow\07. Water Overflow.csproj", "{5048897E-E74C-4619-B281-7226CA7A960A}"
EndProject
Project("{FAE04EC0-301F-11D3-BF4B-00C04F79EFBC}") = "08. Beer Kegs", "08. Beer Kegs\08. Beer Kegs.csproj", "{2079C22C-C7F9-46E0-B89B-59B84F08121B}"
EndProject
Project("{FAE04EC0-301F-11D3-BF4B-00C04F79EFBC}") = "11. Snowballs", "11. Snowballs\11. Snowballs.csproj", "{587C6FD0-2B3A-493E-9AEF-4BA3E1C81C5F}"
EndProject
Project("{FAE04EC0-301F-11D3-BF4B-00C04F79EFBC}") = "More Exercise-02. From Left to The Right", "More Exercise-02. From Left to The Right\More Exercise-02. From Left to The Right.csproj", "{76CF77AD-9AFF-4A03-AFE3-BB70C831A011}"
EndProject
Global
	GlobalSection(SolutionConfigurationPlatforms) = preSolution
		Debug|Any CPU = Debug|Any CPU
		Release|Any CPU = Release|Any CPU
	EndGlobalSection
	GlobalSection(ProjectConfigurationPlatforms) = postSolution
		{C3FE0551-5A02-4E1D-B3A1-9D34BD85EA48}.Debug|Any CPU.ActiveCfg = Debug|Any CPU
		{C3FE0551-5A02-4E1D-B3A1-9D34BD85EA48}.Debug|Any CPU.Build.0 = Debug|Any CPU
		{C3FE0551-5A02-4E1D-B3A1-9D34BD85EA48}.Release|Any CPU.ActiveCfg = Release|Any CPU
		{C3FE0551-5A02-4E1D-B3A1-9D34BD85EA48}.Release|Any CPU.Build.0 = Release|Any CPU
		{69D1A12D-9302-461E-8222-FB4D2BDD42F6}.Debug|Any CPU.ActiveCfg = Debug|Any CPU
		{69D1A12D-9302-461E-8222-FB4D2BDD42F6}.Debug|Any CPU.Build.0 = Debug|Any CPU
		{69D1A12D-9302-461E-8222-FB4D2BDD42F6}.Release|Any CPU.ActiveCfg = Release|Any CPU
		{69D1A12D-9302-461E-8222-FB4D2BDD42F6}.Release|Any CPU.Build.0 = Release|Any CPU
		{97774848-8CE2-4BBE-8AD4-0C71888583B6}.Debug|Any CPU.ActiveCfg = Debug|Any CPU
		{97774848-8CE2-4BBE-8AD4-0C71888583B6}.Debug|Any CPU.Build.0 = Debug|Any CPU
		{97774848-8CE2-4BBE-8AD4-0C71888583B6}.Release|Any CPU.ActiveCfg = Release|Any CPU
		{97774848-8CE2-4BBE-8AD4-0C71888583B6}.Release|Any CPU.Build.0 = Release|Any CPU
		{59A68FC6-ECFE-41D9-AA61-7443046B6CC6}.Debug|Any CPU.ActiveCfg = Debug|Any CPU
		{59A68FC6-ECFE-41D9-AA61-7443046B6CC6}.Debug|Any CPU.Build.0 = Debug|Any CPU
		{59A68FC6-ECFE-41D9-AA61-7443046B6CC6}.Release|Any CPU.ActiveCfg = Release|Any CPU
		{59A68FC6-ECFE-41D9-AA61-7443046B6CC6}.Release|Any CPU.Build.0 = Release|Any CPU
		{F6A0BE20-B8E5-4174-A2C1-CC5D37649EF0}.Debug|Any CPU.ActiveCfg = Debug|Any CPU
		{F6A0BE20-B8E5-4174-A2C1-CC5D37649EF0}.Debug|Any CPU.Build.0 = Debug|Any CPU
		{F6A0BE20-B8E5-4174-A2C1-CC5D37649EF0}.Release|Any CPU.ActiveCfg = Release|Any CPU
		{F6A0BE20-B8E5-4174-A2C1-CC5D37649EF0}.Release|Any CPU.Build.0 = Release|Any CPU
		{E8C6EF8B-AEBD-4183-B53B-2DE6393A45B1}.Debug|Any CPU.ActiveCfg = Debug|Any CPU
		{E8C6EF8B-AEBD-4183-B53B-2DE6393A45B1}.Debug|Any CPU.Build.0 = Debug|Any CPU
		{E8C6EF8B-AEBD-4183-B53B-2DE6393A45B1}.Release|Any CPU.ActiveCfg = Release|Any CPU
		{E8C6EF8B-AEBD-4183-B53B-2DE6393A45B1}.Release|Any CPU.Build.0 = Release|Any CPU
		{5048897E-E74C-4619-B281-7226CA7A960A}.Debug|Any CPU.ActiveCfg = Debug|Any CPU
		{5048897E-E74C-4619-B281-7226CA7A960A}.Debug|Any CPU.Build.0 = Debug|Any CPU
		{5048897E-E74C-4619-B281-7226CA7A960A}.Release|Any CPU.ActiveCfg = Release|Any CPU
		{5048897E-E74C-4619-B281-7226CA7A960A}.Release|Any CPU.Build.0 = Release|Any CPU
		{2079C22C-C7F9-46E0-B89B-59B84F08121B}.Debug|Any CPU.ActiveCfg = Debug|Any CPU
		{2079C22C-C7F9-46E0-B89B-59B84F08121B}.Debug|Any CPU.Build.0 = Debug|Any CPU
		{2079C22C-C7F9-46E0-B89B-59B84F08121B}.Release|Any CPU.ActiveCfg = Release|Any CPU
		{2079C22C-C7F9-46E0-B89B-59B84F08121B}.Release|Any CPU.Build.0 = Release|Any CPU
		{587C6FD0-2B3A-493E-9AEF-4BA3E1C81C5F}.Debug|Any CPU.ActiveCfg = Debug|Any CPU
		{587C6FD0-2B3A-493E-9AEF-4BA3E1C81C5F}.Debug|Any CPU.Build.0 = Debug|Any CPU
		{587C6FD0-2B3A-493E-9AEF-4BA3E1C81C5F}.Release|Any CPU.ActiveCfg = Release|Any CPU
		{587C6FD0-2B3A-493E-9AEF-4BA3E1C81C5F}.Release|Any CPU.Build.0 = Release|Any CPU
		{76CF77AD-9AFF-4A03-AFE3-BB70C831A011}.Debug|Any CPU.ActiveCfg = Debug|Any CPU
		{76CF77AD-9AFF-4A03-AFE3-BB70C831A011}.Debug|Any CPU.Build.0 = Debug|Any CPU
		{76CF77AD-9AFF-4A03-AFE3-BB70C831A011}.Release|Any CPU.ActiveCfg = Release|Any CPU
		{76CF77AD-9AFF-4A03-AFE3-BB70C831A011}.Release|Any CPU.Build.0 = Release|Any CPU
	EndGlobalSection
	GlobalSection(SolutionProperties) = preSolution
		HideSolutionNode = FALSE
	EndGlobalSection
	GlobalSection(ExtensibilityGlobals) = postSolution
		SolutionGuid = {D19EC0A8-3C7A-4209-96FC-E84662795121}
	EndGlobalSection
EndGlobal
